
Microsoft Visual Studio Solution File, Format Version 12.00
# Visual Studio 2012
Project("{FAE04EC0-301F-11D3-BF4B-00C04F79EFBC}") = "absolute_value_of_a_number", "absolute_value_of_a_number\absolute_value_of_a_number.csproj", "{1E093EC9-EC45-4DF2-9140-2A481BE7393D}"
EndProject
Global
	GlobalSection(SolutionConfigurationPlatforms) = preSolution
		Debug|Any CPU = Debug|Any CPU
		Release|Any CPU = Release|Any CPU
	EndGlobalSection
	GlobalSection(ProjectConfigurationPlatforms) = postSolution
		{1E093EC9-EC45-4DF2-9140-2A481BE7393D}.Debug|Any CPU.ActiveCfg = Debug|Any CPU
		{1E093EC9-EC45-4DF2-9140-2A481BE7393D}.Debug|Any CPU.Build.0 = Debug|Any CPU
		{1E093EC9-EC45-4DF2-9140-2A481BE7393D}.Release|Any CPU.ActiveCfg = Release|Any CPU
		{1E093EC9-EC45-4DF2-9140-2A481BE7393D}.Release|Any CPU.Build.0 = Release|Any CPU
	EndGlobalSection
EndGlobal
